
Microsoft Visual Studio Solution File, Format Version 12.00
# Visual Studio Version 16
VisualStudioVersion = 16.0.29926.136
MinimumVisualStudioVersion = 10.0.40219.1
Project("{9A19103F-16F7-4668-BE54-9A1E7A4F7556}") = "ServerApp", "ServerApp\ServerApp.csproj", "{BD56DB7C-C1C0-43FA-B77E-0660F3BD121F}"
EndProject
Project("{E24C65DC-7377-472B-9ABA-BC803B73C61A}") = "ClientApp", "ClientApp\", "{1E1215D9-9B23-4241-BDDB-18288579FE55}"
	ProjectSection(WebsiteProperties) = preProject
		TargetFrameworkMoniker = ".NETFramework,Version%3Dv4.0"
		Debug.AspNetCompiler.VirtualPath = "/localhost_56322"
		Debug.AspNetCompiler.PhysicalPath = "ClientApp\"
		Debug.AspNetCompiler.TargetPath = "PrecompiledWeb\localhost_56322\"
		Debug.AspNetCompiler.Updateable = "true"
		Debug.AspNetCompiler.ForceOverwrite = "true"
		Debug.AspNetCompiler.FixedNames = "false"
		Debug.AspNetCompiler.Debug = "True"
		Release.AspNetCompiler.VirtualPath = "/localhost_56322"
		Release.AspNetCompiler.PhysicalPath = "ClientApp\"
		Release.AspNetCompiler.TargetPath = "PrecompiledWeb\localhost_56322\"
		Release.AspNetCompiler.Updateable = "true"
		Release.AspNetCompiler.ForceOverwrite = "true"
		Release.AspNetCompiler.FixedNames = "false"
		Release.AspNetCompiler.Debug = "False"
		VWDPort = "56322"
		SlnRelativePath = "ClientApp\"
	EndProjectSection
EndProject
Project("{FAE04EC0-301F-11D3-BF4B-00C04F79EFBC}") = "ServerApp_xUnit_TestProject.Tests", "VehiclePortal_xUnit_TestProject\ServerApp_xUnit_TestProject.Tests.csproj", "{3FA7A9BA-E312-4F79-A4F0-3BBBAAC517FA}"
EndProject
Project("{FAE04EC0-301F-11D3-BF4B-00C04F79EFBC}") = "ServerApp.Repository", "ServerApp.Repository\ServerApp.Repository.csproj", "{2BFA269F-2E9B-44FF-9F00-060FE0138812}"
EndProject
Project("{FAE04EC0-301F-11D3-BF4B-00C04F79EFBC}") = "ServerApp.Models", "ServerApp.Models\ServerApp.Models.csproj", "{F0758084-3A7E-4BE6-9213-AA19A474B1E2}"
EndProject
Global
	GlobalSection(SolutionConfigurationPlatforms) = preSolution
		Debug|Any CPU = Debug|Any CPU
		Release|Any CPU = Release|Any CPU
	EndGlobalSection
	GlobalSection(ProjectConfigurationPlatforms) = postSolution
		{BD56DB7C-C1C0-43FA-B77E-0660F3BD121F}.Debug|Any CPU.ActiveCfg = Debug|Any CPU
		{BD56DB7C-C1C0-43FA-B77E-0660F3BD121F}.Debug|Any CPU.Build.0 = Debug|Any CPU
		{BD56DB7C-C1C0-43FA-B77E-0660F3BD121F}.Release|Any CPU.ActiveCfg = Release|Any CPU
		{BD56DB7C-C1C0-43FA-B77E-0660F3BD121F}.Release|Any CPU.Build.0 = Release|Any CPU
		{1E1215D9-9B23-4241-BDDB-18288579FE55}.Debug|Any CPU.ActiveCfg = Debug|Any CPU
		{1E1215D9-9B23-4241-BDDB-18288579FE55}.Debug|Any CPU.Build.0 = Debug|Any CPU
		{1E1215D9-9B23-4241-BDDB-18288579FE55}.Release|Any CPU.ActiveCfg = Debug|Any CPU
		{1E1215D9-9B23-4241-BDDB-18288579FE55}.Release|Any CPU.Build.0 = Debug|Any CPU
		{3FA7A9BA-E312-4F79-A4F0-3BBBAAC517FA}.Debug|Any CPU.ActiveCfg = Debug|Any CPU
		{3FA7A9BA-E312-4F79-A4F0-3BBBAAC517FA}.Debug|Any CPU.Build.0 = Debug|Any CPU
		{3FA7A9BA-E312-4F79-A4F0-3BBBAAC517FA}.Release|Any CPU.ActiveCfg = Release|Any CPU
		{3FA7A9BA-E312-4F79-A4F0-3BBBAAC517FA}.Release|Any CPU.Build.0 = Release|Any CPU
		{2BFA269F-2E9B-44FF-9F00-060FE0138812}.Debug|Any CPU.ActiveCfg = Debug|Any CPU
		{2BFA269F-2E9B-44FF-9F00-060FE0138812}.Debug|Any CPU.Build.0 = Debug|Any CPU
		{2BFA269F-2E9B-44FF-9F00-060FE0138812}.Release|Any CPU.ActiveCfg = Release|Any CPU
		{2BFA269F-2E9B-44FF-9F00-060FE0138812}.Release|Any CPU.Build.0 = Release|Any CPU
		{F0758084-3A7E-4BE6-9213-AA19A474B1E2}.Debug|Any CPU.ActiveCfg = Debug|Any CPU
		{F0758084-3A7E-4BE6-9213-AA19A474B1E2}.Debug|Any CPU.Build.0 = Debug|Any CPU
		{F0758084-3A7E-4BE6-9213-AA19A474B1E2}.Release|Any CPU.ActiveCfg = Release|Any CPU
		{F0758084-3A7E-4BE6-9213-AA19A474B1E2}.Release|Any CPU.Build.0 = Release|Any CPU
	EndGlobalSection
	GlobalSection(SolutionProperties) = preSolution
		HideSolutionNode = FALSE
	EndGlobalSection
	GlobalSection(ExtensibilityGlobals) = postSolution
		SolutionGuid = {8C3EE519-F11C-4098-93D4-27377530CB4E}
	EndGlobalSection
EndGlobal
